
Microsoft Visual Studio Solution File, Format Version 12.00
# Visual Studio Version 17
VisualStudioVersion = 17.4.33110.190
MinimumVisualStudioVersion = 10.0.40219.1
Project("{FAE04EC0-301F-11D3-BF4B-00C04F79EFBC}") = "DatabaseApp", "DatabaseApp\DatabaseApp.csproj", "{E4E051FA-DD88-4FDB-82E0-BA4CE3E3C274}"
EndProject
Global
	GlobalSection(SolutionConfigurationPlatforms) = preSolution
		Debug|Any CPU = Debug|Any CPU
		Release|Any CPU = Release|Any CPU
	EndGlobalSection
	GlobalSection(ProjectConfigurationPlatforms) = postSolution
		{E4E051FA-DD88-4FDB-82E0-BA4CE3E3C274}.Debug|Any CPU.ActiveCfg = Debug|Any CPU
		{E4E051FA-DD88-4FDB-82E0-BA4CE3E3C274}.Debug|Any CPU.Build.0 = Debug|Any CPU
		{E4E051FA-DD88-4FDB-82E0-BA4CE3E3C274}.Release|Any CPU.ActiveCfg = Release|Any CPU
		{E4E051FA-DD88-4FDB-82E0-BA4CE3E3C274}.Release|Any CPU.Build.0 = Release|Any CPU
	EndGlobalSection
	GlobalSection(SolutionProperties) = preSolution
		HideSolutionNode = FALSE
	EndGlobalSection
	GlobalSection(ExtensibilityGlobals) = postSolution
		SolutionGuid = {C98FED50-F6BD-4DE4-BDAD-8049819B5A14}
	EndGlobalSection
EndGlobal
